{
  "name": "app",
  "version": "0.1.0",
  "lockfileVersion": 1,
  "requires": true,
  "dependencies": {
    "@types/material-ui": {
      "version": "0.21.1",
      "resolved": "https://registry.npmjs.org/@types/material-ui/-/material-ui-0.21.1.tgz",
      "integrity": "sha512-DLXl17tCxlsUtLV51B9EjkSQ6iOMoUZ/7vjLFSyhi50q+gg2JfK96NE6ALtL5xp61qKCzWyb4Zo2ketG+swR5w==",
      "dev": true,
      "requires": {
        "@types/react": "16.0.40",
        "@types/react-addons-linked-state-mixin": "0.14.19"
      }
    },
    "@types/react": {
      "version": "16.0.40",
      "resolved": "https://registry.npmjs.org/@types/react/-/react-16.0.40.tgz",
      "integrity": "sha512-OZi2OPNI1DGwnC3Fgbr1CcYfOD6V0pbv+aehXdvuFE+L+sipWjividsasuqFW/G0CZrZ81Ao+9IzjvkRDWCE9Q==",
      "dev": true
    },
    "@types/react-addons-linked-state-mixin": {
      "version": "0.14.19",
      "resolved": "https://registry.npmjs.org/@types/react-addons-linked-state-mixin/-/react-addons-linked-state-mixin-0.14.19.tgz",
      "integrity": "sha512-y5Zf4Raso3F9V3DLDneta48rJ+j6he13WmVp4BLUHYbPAAYli5pliEvtTz7QmOVHlXBZILi/1KiKfI3DUBIVfg==",
      "dev": true,
      "requires": {
        "@types/react": "16.0.40"
      }
    }
  }
}
